{
  "name": "onecx-dummy-loader-angular-18",
  "version": "0.0.0",
  "lockfileVersion": 3,
  "requires": true,
  "packages": {
    "": {
      "name": "onecx-dummy-loader-angular-18",
      "version": "0.0.0",
      "license": "Apache-2.0",
      "dependencies": {
        "@angular/animations": "^18.2.13",
        "@angular/common": "^18.2.13",
        "@angular/compiler": "^18.2.13",
        "@angular/core": "^18.2.13",
        "@angular/elements": "^18.2.13",
        "@angular/forms": "^18.2.13",
        "@angular/platform-browser": "^18.2.13",
        "@angular/platform-browser-dynamic": "^18.2.13",
        "@angular/router": "^18.2.13"
      },
      "devDependencies": {}
    },
    "node_modules/@angular/animations": {
      "version": "18.2.13",
      "resolved": "https://registry.npmjs.org/@angular/animations/-/animations-18.2.13.tgz",
      "integrity": "sha512-rG5J5Ek5Hg+Tz2NjkNOaG6PupiNK/lPfophXpsR1t/nWujqnMWX2krahD/i6kgD+jNWNKCJCYSOVvCx/BHOtKA==",
      "dependencies": {
        "tslib": "^2.3.0"
      },
      "engines": {
        "node": "^18.19.1 || ^20.11.1 || >=22.0.0"
      },
      "peerDependencies": {
        "@angular/core": "18.2.13"
      }
    },
    "node_modules/@angular/common": {
      "version": "18.2.13",
      "resolved": "https://registry.npmjs.org/@angular/common/-/common-18.2.13.tgz",
      "integrity": "sha512-4ZqrNp1PoZo7VNvW+sbSc2CB2axP1sCH2wXl8B0wdjsj8JY1hF1OhuugwhpAHtGxqewed2kCXayE+ZJqSTV4jw==",
      "dependencies": {
        "tslib": "^2.3.0"
      },
      "engines": {
        "node": "^18.19.1 || ^20.11.1 || >=22.0.0"
      },
      "peerDependencies": {
        "@angular/core": "18.2.13",
        "rxjs": "^6.5.3 || ^7.4.0"
      }
    },
    "node_modules/@angular/compiler": {
      "version": "18.2.13",
      "resolved": "https://registry.npmjs.org/@angular/compiler/-/compiler-18.2.13.tgz",
      "integrity": "sha512-TzWcrkopyjFF+WeDr2cRe8CcHjU72KfYV3Sm2TkBkcXrkYX5sDjGWrBGrG3hRB4e4okqchrOCvm1MiTdy2vKMA==",
      "dependencies": {
        "tslib": "^2.3.0"
      },
      "engines": {
        "node": "^18.19.1 || ^20.11.1 || >=22.0.0"
      },
      "peerDependencies": {
        "@angular/core": "18.2.13"
      },
      "peerDependenciesMeta": {
        "@angular/core": {
          "optional": true
        }
      }
    },
    "node_modules/@angular/core": {
      "version": "18.2.13",
      "resolved": "https://registry.npmjs.org/@angular/core/-/core-18.2.13.tgz",
      "integrity": "sha512-8mbWHMgO95OuFV1Ejy4oKmbe9NOJ3WazQf/f7wks8Bck7pcihd0IKhlPBNjFllbF5o+04EYSwFhEtvEgjMDClA==",
      "dependencies": {
        "tslib": "^2.3.0"
      },
      "engines": {
        "node": "^18.19.1 || ^20.11.1 || >=22.0.0"
      },
      "peerDependencies": {
        "rxjs": "^6.5.3 || ^7.4.0",
        "zone.js": "~0.14.10"
      }
    },
    "node_modules/@angular/elements": {
      "version": "18.2.13",
      "resolved": "https://registry.npmjs.org/@angular/elements/-/elements-18.2.13.tgz",
      "integrity": "sha512-yahRkXWgFolpWMeVsTIlWYwoq4Bsz6wrfS4b+TKHIZbTCyRUlJ5zBFecpYMwgmVuQDJZp+WkUWZV2Qg7kLJR5w==",
      "dependencies": {
        "tslib": "^2.3.0"
      },
      "engines": {
        "node": "^18.19.1 || ^20.11.1 || >=22.0.0"
      },
      "peerDependencies": {
        "@angular/core": "18.2.13",
        "rxjs": "^6.5.3 || ^7.4.0"
      }
    },
    "node_modules/@angular/forms": {
      "version": "18.2.13",
      "resolved": "https://registry.npmjs.org/@angular/forms/-/forms-18.2.13.tgz",
      "integrity": "sha512-A67D867fu3DSBhdLWWZl/F5pr7v2+dRM2u3U7ZJ0ewh4a+sv+0yqWdJW+a8xIoiHxS+btGEJL2qAKJiH+MCFfg==",
      "dependencies": {
        "tslib": "^2.3.0"
      },
      "engines": {
        "node": "^18.19.1 || ^20.11.1 || >=22.0.0"
      },
      "peerDependencies": {
        "@angular/common": "18.2.13",
        "@angular/core": "18.2.13",
        "@angular/platform-browser": "18.2.13",
        "rxjs": "^6.5.3 || ^7.4.0"
      }
    },
    "node_modules/@angular/platform-browser": {
      "version": "18.2.13",
      "resolved": "https://registry.npmjs.org/@angular/platform-browser/-/platform-browser-18.2.13.tgz",
      "integrity": "sha512-tu7ZzY6qD3ATdWFzcTcsAKe7M6cJeWbT/4/bF9unyGO3XBPcNYDKoiz10+7ap2PUd0fmPwvuvTvSNJiFEBnB8Q==",
      "dependencies": {
        "tslib": "^2.3.0"
      },
      "engines": {
        "node": "^18.19.1 || ^20.11.1 || >=22.0.0"
      },
      "peerDependencies": {
        "@angular/animations": "18.2.13",
        "@angular/common": "18.2.13",
        "@angular/core": "18.2.13"
      },
      "peerDependenciesMeta": {
        "@angular/animations": {
          "optional": true
        }
      }
    },
    "node_modules/@angular/platform-browser-dynamic": {
      "version": "18.2.13",
      "resolved": "https://registry.npmjs.org/@angular/platform-browser-dynamic/-/platform-browser-dynamic-18.2.13.tgz",
      "integrity": "sha512-kbQCf9+8EpuJC7buBxhSiwBtXvjAwAKh6MznD6zd2pyCYqfY6gfRCZQRtK59IfgVtKmEONWI9grEyNIRoTmqJg==",
      "dependencies": {
        "tslib": "^2.3.0"
      },
      "engines": {
        "node": "^18.19.1 || ^20.11.1 || >=22.0.0"
      },
      "peerDependencies": {
        "@angular/common": "18.2.13",
        "@angular/compiler": "18.2.13",
        "@angular/core": "18.2.13",
        "@angular/platform-browser": "18.2.13"
      }
    },
    "node_modules/@angular/router": {
      "version": "18.2.13",
      "resolved": "https://registry.npmjs.org/@angular/router/-/router-18.2.13.tgz",
      "integrity": "sha512-VKmfgi/r/CkyBq9nChQ/ptmfu0JT/8ONnLVJ5H+SkFLRYJcIRyHLKjRihMCyVm6xM5yktOdCaW73NTQrFz7+bg==",
      "dependencies": {
        "tslib": "^2.3.0"
      },
      "engines": {
        "node": "^18.19.1 || ^20.11.1 || >=22.0.0"
      },
      "peerDependencies": {
        "@angular/common": "18.2.13",
        "@angular/core": "18.2.13",
        "@angular/platform-browser": "18.2.13",
        "rxjs": "^6.5.3 || ^7.4.0"
      }
    },
    "node_modules/rxjs": {
      "version": "7.8.2",
      "resolved": "https://registry.npmjs.org/rxjs/-/rxjs-7.8.2.tgz",
      "integrity": "sha512-dhKf903U/PQZY6boNNtAGdWbG85WAbjT/1xYoZIC7FAY0yWapOBQVsVrDl58W86//e1VpMNBtRV4MaXfdMySFA==",
      "peer": true,
      "dependencies": {
        "tslib": "^2.1.0"
      }
    },
    "node_modules/tslib": {
      "version": "2.8.1",
      "resolved": "https://registry.npmjs.org/tslib/-/tslib-2.8.1.tgz",
      "integrity": "sha512-oJFu94HQb+KVduSUQL7wnpmqnfmLsOA/nAh6b6EH0wCEoK0/mPeXU6c3wKDV83MkOuHPRHtSXKKU99IBazS/2w=="
    },
    "node_modules/zone.js": {
      "version": "0.14.10",
      "resolved": "https://registry.npmjs.org/zone.js/-/zone.js-0.14.10.tgz",
      "integrity": "sha512-YGAhaO7J5ywOXW6InXNlLmfU194F8lVgu7bRntUF3TiG8Y3nBK0x1UJJuHUP/e8IyihkjCYqhCScpSwnlaSRkQ==",
      "peer": true
    }
  }
}
